
Microsoft Visual Studio Solution File, Format Version 12.00
# Visual Studio Version 17
VisualStudioVersion = 17.4.33205.214
MinimumVisualStudioVersion = 10.0.40219.1
Project("{FAE04EC0-301F-11D3-BF4B-00C04F79EFBC}") = "KurtAdamOyunu", "KurtAdamOyunu.csproj", "{05F7773A-E6B4-4072-8470-5625685DD262}"
EndProject
Global
	GlobalSection(SolutionConfigurationPlatforms) = preSolution
		Debug|Any CPU = Debug|Any CPU
		Release|Any CPU = Release|Any CPU
	EndGlobalSection
	GlobalSection(ProjectConfigurationPlatforms) = postSolution
		{05F7773A-E6B4-4072-8470-5625685DD262}.Debug|Any CPU.ActiveCfg = Debug|Any CPU
		{05F7773A-E6B4-4072-8470-5625685DD262}.Debug|Any CPU.Build.0 = Debug|Any CPU
		{05F7773A-E6B4-4072-8470-5625685DD262}.Release|Any CPU.ActiveCfg = Release|Any CPU
		{05F7773A-E6B4-4072-8470-5625685DD262}.Release|Any CPU.Build.0 = Release|Any CPU
	EndGlobalSection
	GlobalSection(SolutionProperties) = preSolution
		HideSolutionNode = FALSE
	EndGlobalSection
	GlobalSection(ExtensibilityGlobals) = postSolution
		SolutionGuid = {324762BF-9FC5-4F66-8307-E4528771BF94}
	EndGlobalSection
EndGlobal
